
Microsoft Visual Studio Solution File, Format Version 12.00
# Visual Studio Version 17
VisualStudioVersion = 17.7.34031.279
MinimumVisualStudioVersion = 10.0.40219.1
Project("{FAE04EC0-301F-11D3-BF4B-00C04F79EFBC}") = "LibraryOOP", "LibraryOOP.csproj", "{BDC22FDA-B2B1-4438-AF25-C6F210D396BC}"
EndProject
Global
	GlobalSection(SolutionConfigurationPlatforms) = preSolution
		Debug|Any CPU = Debug|Any CPU
		Release|Any CPU = Release|Any CPU
	EndGlobalSection
	GlobalSection(ProjectConfigurationPlatforms) = postSolution
		{BDC22FDA-B2B1-4438-AF25-C6F210D396BC}.Debug|Any CPU.ActiveCfg = Debug|Any CPU
		{BDC22FDA-B2B1-4438-AF25-C6F210D396BC}.Debug|Any CPU.Build.0 = Debug|Any CPU
		{BDC22FDA-B2B1-4438-AF25-C6F210D396BC}.Release|Any CPU.ActiveCfg = Release|Any CPU
		{BDC22FDA-B2B1-4438-AF25-C6F210D396BC}.Release|Any CPU.Build.0 = Release|Any CPU
	EndGlobalSection
	GlobalSection(SolutionProperties) = preSolution
		HideSolutionNode = FALSE
	EndGlobalSection
	GlobalSection(ExtensibilityGlobals) = postSolution
		SolutionGuid = {ECD4EF1B-AE58-471E-8170-A6F24B9BA541}
	EndGlobalSection
EndGlobal
